
Microsoft Visual Studio Solution File, Format Version 12.00
# Visual Studio Version 17
VisualStudioVersion = 17.8.34302.71
MinimumVisualStudioVersion = 10.0.40219.1
Project("{FAE04EC0-301F-11D3-BF4B-00C04F79EFBC}") = "Agiletask9", "Agiletask9\Agiletask9.csproj", "{04E61BF4-8CB8-43B4-98EB-2218D4F16BF3}"
EndProject
Global
	GlobalSection(SolutionConfigurationPlatforms) = preSolution
		Debug|Any CPU = Debug|Any CPU
		Release|Any CPU = Release|Any CPU
	EndGlobalSection
	GlobalSection(ProjectConfigurationPlatforms) = postSolution
		{04E61BF4-8CB8-43B4-98EB-2218D4F16BF3}.Debug|Any CPU.ActiveCfg = Debug|Any CPU
		{04E61BF4-8CB8-43B4-98EB-2218D4F16BF3}.Debug|Any CPU.Build.0 = Debug|Any CPU
		{04E61BF4-8CB8-43B4-98EB-2218D4F16BF3}.Release|Any CPU.ActiveCfg = Release|Any CPU
		{04E61BF4-8CB8-43B4-98EB-2218D4F16BF3}.Release|Any CPU.Build.0 = Release|Any CPU
	EndGlobalSection
	GlobalSection(SolutionProperties) = preSolution
		HideSolutionNode = FALSE
	EndGlobalSection
	GlobalSection(ExtensibilityGlobals) = postSolution
		SolutionGuid = {77CC4DFE-0AA6-4FAA-AD42-015184749B62}
	EndGlobalSection
EndGlobal
